
Microsoft Visual Studio Solution File, Format Version 12.00
# Visual Studio Version 17
VisualStudioVersion = 17.1.32228.430
MinimumVisualStudioVersion = 10.0.40219.1
Project("{9A19103F-16F7-4668-BE54-9A1E7A4F7556}") = "PhotoBank.WebApplication", "PhotoBank\PhotoBank.WebApplication.csproj", "{4151F9FA-5AA1-447E-ADD4-1DBE7B3AF504}"
EndProject
Project("{FAE04EC0-301F-11D3-BF4B-00C04F79EFBC}") = "PhotoBank.Models", "PhotoBank.Models\PhotoBank.Models.csproj", "{C68F2AD7-C287-4A25-A315-985D8917BAC7}"
EndProject
Project("{FAE04EC0-301F-11D3-BF4B-00C04F79EFBC}") = "PhotoBank.Data", "PhotoBank.Data\PhotoBank.Data.csproj", "{BBA411EB-CB44-465D-8BAE-1F43952BAB4F}"
EndProject
Global
	GlobalSection(SolutionConfigurationPlatforms) = preSolution
		Debug|Any CPU = Debug|Any CPU
		Release|Any CPU = Release|Any CPU
	EndGlobalSection
	GlobalSection(ProjectConfigurationPlatforms) = postSolution
		{4151F9FA-5AA1-447E-ADD4-1DBE7B3AF504}.Debug|Any CPU.ActiveCfg = Debug|Any CPU
		{4151F9FA-5AA1-447E-ADD4-1DBE7B3AF504}.Debug|Any CPU.Build.0 = Debug|Any CPU
		{4151F9FA-5AA1-447E-ADD4-1DBE7B3AF504}.Release|Any CPU.ActiveCfg = Release|Any CPU
		{4151F9FA-5AA1-447E-ADD4-1DBE7B3AF504}.Release|Any CPU.Build.0 = Release|Any CPU
		{C68F2AD7-C287-4A25-A315-985D8917BAC7}.Debug|Any CPU.ActiveCfg = Debug|Any CPU
		{C68F2AD7-C287-4A25-A315-985D8917BAC7}.Debug|Any CPU.Build.0 = Debug|Any CPU
		{C68F2AD7-C287-4A25-A315-985D8917BAC7}.Release|Any CPU.ActiveCfg = Release|Any CPU
		{C68F2AD7-C287-4A25-A315-985D8917BAC7}.Release|Any CPU.Build.0 = Release|Any CPU
		{BBA411EB-CB44-465D-8BAE-1F43952BAB4F}.Debug|Any CPU.ActiveCfg = Debug|Any CPU
		{BBA411EB-CB44-465D-8BAE-1F43952BAB4F}.Debug|Any CPU.Build.0 = Debug|Any CPU
		{BBA411EB-CB44-465D-8BAE-1F43952BAB4F}.Release|Any CPU.ActiveCfg = Release|Any CPU
		{BBA411EB-CB44-465D-8BAE-1F43952BAB4F}.Release|Any CPU.Build.0 = Release|Any CPU
	EndGlobalSection
	GlobalSection(SolutionProperties) = preSolution
		HideSolutionNode = FALSE
	EndGlobalSection
	GlobalSection(ExtensibilityGlobals) = postSolution
		SolutionGuid = {7AE2AD10-719E-46D5-83C9-794FF988BD28}
	EndGlobalSection
EndGlobal
